
Microsoft Visual Studio Solution File, Format Version 12.00
# Visual Studio Version 16
VisualStudioVersion = 16.0.30309.148
MinimumVisualStudioVersion = 10.0.40219.1
Project("{9A19103F-16F7-4668-BE54-9A1E7A4F7556}") = "WSO.CostPriceCalculator.Forms", "WSO.CostPriceCalculation\WSO.CostPriceCalculator.Forms.csproj", "{78B4C74E-42A5-4E91-BEFA-7B457166189D}"
EndProject
Project("{9A19103F-16F7-4668-BE54-9A1E7A4F7556}") = "WSO.CostPriceCalculator.Domain", "WSO.CostPriceCalculator.Domain\WSO.CostPriceCalculator.Domain.csproj", "{AFD36C59-FEF3-4F6C-BC87-FB9FFA89CEC8}"
EndProject
Project("{9A19103F-16F7-4668-BE54-9A1E7A4F7556}") = "WSO.CostPriceCalculator.Domain.Tests", "WSO.CostPriceCalculator.Tests\WSO.CostPriceCalculator.Domain.Tests.csproj", "{F2B9918D-A3FE-484C-A448-74DCB0944278}"
EndProject
Project("{2150E333-8FDC-42A3-9474-1A3956D46DE8}") = "Solution Items", "Solution Items", "{F433AD6A-7BBE-4876-AF53-2C50D216F22D}"
	ProjectSection(SolutionItems) = preProject
		readme.txt = readme.txt
	EndProjectSection
EndProject
Global
	GlobalSection(SolutionConfigurationPlatforms) = preSolution
		Debug|Any CPU = Debug|Any CPU
		Release|Any CPU = Release|Any CPU
	EndGlobalSection
	GlobalSection(ProjectConfigurationPlatforms) = postSolution
		{78B4C74E-42A5-4E91-BEFA-7B457166189D}.Debug|Any CPU.ActiveCfg = Debug|Any CPU
		{78B4C74E-42A5-4E91-BEFA-7B457166189D}.Debug|Any CPU.Build.0 = Debug|Any CPU
		{78B4C74E-42A5-4E91-BEFA-7B457166189D}.Release|Any CPU.ActiveCfg = Release|Any CPU
		{78B4C74E-42A5-4E91-BEFA-7B457166189D}.Release|Any CPU.Build.0 = Release|Any CPU
		{AFD36C59-FEF3-4F6C-BC87-FB9FFA89CEC8}.Debug|Any CPU.ActiveCfg = Debug|Any CPU
		{AFD36C59-FEF3-4F6C-BC87-FB9FFA89CEC8}.Debug|Any CPU.Build.0 = Debug|Any CPU
		{AFD36C59-FEF3-4F6C-BC87-FB9FFA89CEC8}.Release|Any CPU.ActiveCfg = Release|Any CPU
		{AFD36C59-FEF3-4F6C-BC87-FB9FFA89CEC8}.Release|Any CPU.Build.0 = Release|Any CPU
		{F2B9918D-A3FE-484C-A448-74DCB0944278}.Debug|Any CPU.ActiveCfg = Debug|Any CPU
		{F2B9918D-A3FE-484C-A448-74DCB0944278}.Debug|Any CPU.Build.0 = Debug|Any CPU
		{F2B9918D-A3FE-484C-A448-74DCB0944278}.Release|Any CPU.ActiveCfg = Release|Any CPU
		{F2B9918D-A3FE-484C-A448-74DCB0944278}.Release|Any CPU.Build.0 = Release|Any CPU
	EndGlobalSection
	GlobalSection(SolutionProperties) = preSolution
		HideSolutionNode = FALSE
	EndGlobalSection
	GlobalSection(ExtensibilityGlobals) = postSolution
		SolutionGuid = {2678A08F-91F4-453C-8C80-F80852E80C46}
	EndGlobalSection
EndGlobal
